{
  "version": 4,
  "terraform_version": "1.14.6",
  "serial": 310,
  "lineage": "a48804f0-4a7f-bfda-5c6f-d4e2fad81bbf",
  "outputs": {
    "db_subnet_ids": {
      "value": [
        "subnet-09a2f2b4d0ae60a45",
        "subnet-0bcae64ba43f58021"
      ],
      "type": [
        "tuple",
        [
          "string",
          "string"
        ]
      ]
    },
    "rds_port": {
      "value": 5432,
      "type": "number"
    },
    "rds_primary_endpoint": {
      "value": "ma-oig-mvp-postgres.cmx0csmess0f.us-east-1.rds.amazonaws.com",
      "type": "string"
    },
    "rds_replica_endpoint": {
      "value": "ma-oig-mvp-postgres-replica.cmx0csmess0f.us-east-1.rds.amazonaws.com",
      "type": "string"
    },
    "rds_secret_arn": {
      "value": "arn:aws:secretsmanager:us-east-1:820648255477:secret:ma-oig-mvp/rds/master-OduzoP",
      "type": "string"
    },
    "vpc_id": {
      "value": "vpc-0aff65b623105d167",
      "type": "string"
    }
  },
  "resources": [
    {
      "mode": "managed",
      "type": "aws_db_instance",
      "name": "postgres",
      "provider": "provider[\"registry.terraform.io/hashicorp/aws\"]",
      "instances": [
        {
          "schema_version": 2,
          "attributes": {
            "address": "ma-oig-mvp-postgres.cmx0csmess0f.us-east-1.rds.amazonaws.com",
            "allocated_storage": 20,
            "allow_major_version_upgrade": null,
            "apply_immediately": false,
            "arn": "arn:aws:rds:us-east-1:820648255477:db:ma-oig-mvp-postgres",
            "auto_minor_version_upgrade": true,
            "availability_zone": "us-east-1a",
            "backup_retention_period": 1,
            "backup_target": "region",
            "backup_window": "03:00-04:00",
            "blue_green_update": [],
            "ca_cert_identifier": "rds-ca-rsa2048-g1",
            "character_set_name": "",
            "copy_tags_to_snapshot": false,
            "custom_iam_instance_profile": "",
            "customer_owned_ip_enabled": false,
            "database_insights_mode": "standard",
            "db_name": "maOigDb",
            "db_subnet_group_name": "ma-oig-mvp-db-subnets",
            "dedicated_log_volume": false,
            "delete_automated_backups": true,
            "deletion_protection": false,
            "domain": "",
            "domain_auth_secret_arn": "",
            "domain_dns_ips": [],
            "domain_fqdn": "",
            "domain_iam_role_name": "",
            "domain_ou": "",
            "enabled_cloudwatch_logs_exports": [
              "postgresql",
              "upgrade"
            ],
            "endpoint": "ma-oig-mvp-postgres.cmx0csmess0f.us-east-1.rds.amazonaws.com:5432",
            "engine": "postgres",
            "engine_lifecycle_support": "open-source-rds-extended-support",
            "engine_version": "16.3",
            "engine_version_actual": "16.3",
            "final_snapshot_identifier": "ma-oig-mvp-postgres-final",
            "hosted_zone_id": "Z2R2ITUGPM61AM",
            "iam_database_authentication_enabled": false,
            "id": "db-B6NOIWBRB7PLLPBMV2C4DB5EBM",
            "identifier": "ma-oig-mvp-postgres",
            "identifier_prefix": "",
            "instance_class": "db.t3.micro",
            "iops": 3000,
            "kms_key_id": "arn:aws:kms:us-east-1:820648255477:key/f478b1a5-2e6b-418c-9212-302851ac448a",
            "latest_restorable_time": "2026-03-05T05:14:34Z",
            "license_model": "postgresql-license",
            "listener_endpoint": [],
            "maintenance_window": "sun:05:00-sun:06:00",
            "manage_master_user_password": null,
            "master_user_secret": [],
            "master_user_secret_kms_key_id": null,
            "max_allocated_storage": 0,
            "monitoring_interval": 0,
            "monitoring_role_arn": "",
            "multi_az": false,
            "nchar_character_set_name": "",
            "network_type": "IPV4",
            "option_group_name": "default:postgres-16",
            "parameter_group_name": "ma-oig-mvp-pg-params",
            "password": "dr\u0026M3qB=3B{Vkgwyb-YyYSr}FeURnh%f",
            "password_wo": null,
            "password_wo_version": null,
            "performance_insights_enabled": true,
            "performance_insights_kms_key_id": "arn:aws:kms:us-east-1:820648255477:key/b8ac51ba-8695-4992-bb2b-2276619a97e5",
            "performance_insights_retention_period": 7,
            "port": 5432,
            "publicly_accessible": false,
            "region": "us-east-1",
            "replica_mode": "",
            "replicas": [
              "ma-oig-mvp-postgres-replica"
            ],
            "replicate_source_db": "",
            "resource_id": "db-B6NOIWBRB7PLLPBMV2C4DB5EBM",
            "restore_to_point_in_time": [],
            "s3_import": [],
            "skip_final_snapshot": true,
            "snapshot_identifier": null,
            "status": "available",
            "storage_encrypted": true,
            "storage_throughput": 125,
            "storage_type": "gp3",
            "tags": {
              "Name": "ma-oig-mvp-rds-postgres-primary",
              "az": "us-east-1a",
              "compliance": "nist-800-53",
              "environment": "mvp",
              "managed_by": "terraform",
              "project": "ma-oig",
              "tier": "db"
            },
            "tags_all": {
              "Name": "ma-oig-mvp-rds-postgres-primary",
              "az": "us-east-1a",
              "compliance": "nist-800-53",
              "environment": "mvp",
              "managed_by": "terraform",
              "project": "ma-oig",
              "tier": "db"
            },
            "timeouts": null,
            "timezone": "",
            "upgrade_rollout_order": "second",
            "upgrade_storage_config": null,
            "username": "appadmin",
            "vpc_security_group_ids": [
              "sg-067241da3efc5b8f6"
            ]
          },
          "sensitive_attributes": [
            [
              {
                "type": "get_attr",
                "value": "password"
              }
            ],
            [
              {
                "type": "get_attr",
                "value": "password_wo"
              }
            ]
          ],
          "identity_schema_version": 0,
          "private": "eyJlMmJmYjczMC1lY2FhLTExZTYtOGY4OC0zNDM2M2JjN2M0YzAiOnsiY3JlYXRlIjozMDAwMDAwMDAwMDAwLCJkZWxldGUiOjM2MDAwMDAwMDAwMDAsInVwZGF0ZSI6NDgwMDAwMDAwMDAwMH0sInNjaGVtYV92ZXJzaW9uIjoiMiJ9",
          "dependencies": [
            "aws_db_parameter_group.pg",
            "aws_db_subnet_group.db",
            "aws_kms_key.pi",
            "aws_kms_key.rds",
            "aws_kms_key.secrets",
            "aws_secretsmanager_secret.db_master",
            "aws_secretsmanager_secret_version.db_master",
            "aws_security_group.alb_ext",
            "aws_security_group.alb_int",
            "aws_security_group.app",
            "aws_security_group.db",
            "aws_security_group.web",
            "aws_subnet.db",
            "aws_vpc.this",
            "random_password.db_master"
          ]
        }
      ]
    },
    {
      "mode": "managed",
      "type": "aws_db_instance",
      "name": "postgres_replica",
      "provider": "provider[\"registry.terraform.io/hashicorp/aws\"]",
      "instances": [
        {
          "schema_version": 2,
          "attributes": {
            "address": "ma-oig-mvp-postgres-replica.cmx0csmess0f.us-east-1.rds.amazonaws.com",
            "allocated_storage": 20,
            "allow_major_version_upgrade": null,
            "apply_immediately": false,
            "arn": "arn:aws:rds:us-east-1:820648255477:db:ma-oig-mvp-postgres-replica",
            "auto_minor_version_upgrade": true,
            "availability_zone": "us-east-1c",
            "backup_retention_period": 0,
            "backup_target": "region",
            "backup_window": "03:00-04:00",
            "blue_green_update": [],
            "ca_cert_identifier": "rds-ca-rsa2048-g1",
            "character_set_name": "",
            "copy_tags_to_snapshot": false,
            "custom_iam_instance_profile": "",
            "customer_owned_ip_enabled": false,
            "database_insights_mode": "standard",
            "db_name": "maOigDb",
            "db_subnet_group_name": "ma-oig-mvp-db-subnets",
            "dedicated_log_volume": false,
            "delete_automated_backups": true,
            "deletion_protection": false,
            "domain": "",
            "domain_auth_secret_arn": "",
            "domain_dns_ips": [],
            "domain_fqdn": "",
            "domain_iam_role_name": "",
            "domain_ou": "",
            "enabled_cloudwatch_logs_exports": [
              "postgresql",
              "upgrade"
            ],
            "endpoint": "ma-oig-mvp-postgres-replica.cmx0csmess0f.us-east-1.rds.amazonaws.com:5432",
            "engine": "postgres",
            "engine_lifecycle_support": "open-source-rds-extended-support",
            "engine_version": "16.3",
            "engine_version_actual": "16.3",
            "final_snapshot_identifier": null,
            "hosted_zone_id": "Z2R2ITUGPM61AM",
            "iam_database_authentication_enabled": false,
            "id": "db-RM6SYMLI7G2USFKOIYNWNFDMHE",
            "identifier": "ma-oig-mvp-postgres-replica",
            "identifier_prefix": "",
            "instance_class": "db.t3.micro",
            "iops": 3000,
            "kms_key_id": "arn:aws:kms:us-east-1:820648255477:key/f478b1a5-2e6b-418c-9212-302851ac448a",
            "latest_restorable_time": "",
            "license_model": "postgresql-license",
            "listener_endpoint": [],
            "maintenance_window": "sun:05:00-sun:06:00",
            "manage_master_user_password": null,
            "master_user_secret": [],
            "master_user_secret_kms_key_id": null,
            "max_allocated_storage": 0,
            "monitoring_interval": 0,
            "monitoring_role_arn": "",
            "multi_az": false,
            "nchar_character_set_name": "",
            "network_type": "IPV4",
            "option_group_name": "default:postgres-16",
            "parameter_group_name": "ma-oig-mvp-pg-params",
            "password": null,
            "password_wo": null,
            "password_wo_version": null,
            "performance_insights_enabled": true,
            "performance_insights_kms_key_id": "arn:aws:kms:us-east-1:820648255477:key/b8ac51ba-8695-4992-bb2b-2276619a97e5",
            "performance_insights_retention_period": 7,
            "port": 5432,
            "publicly_accessible": false,
            "region": "us-east-1",
            "replica_mode": "",
            "replicas": [],
            "replicate_source_db": "ma-oig-mvp-postgres",
            "resource_id": "db-RM6SYMLI7G2USFKOIYNWNFDMHE",
            "restore_to_point_in_time": [],
            "s3_import": [],
            "skip_final_snapshot": true,
            "snapshot_identifier": null,
            "status": "available",
            "storage_encrypted": true,
            "storage_throughput": 125,
            "storage_type": "gp3",
            "tags": {
              "Name": "ma-oig-mvp-rds-postgres-replica",
              "az": "us-east-1c",
              "compliance": "nist-800-53",
              "environment": "mvp",
              "managed_by": "terraform",
              "project": "ma-oig",
              "tier": "db"
            },
            "tags_all": {
              "Name": "ma-oig-mvp-rds-postgres-replica",
              "az": "us-east-1c",
              "compliance": "nist-800-53",
              "environment": "mvp",
              "managed_by": "terraform",
              "project": "ma-oig",
              "tier": "db"
            },
            "timeouts": null,
            "timezone": "",
            "upgrade_rollout_order": "second",
            "upgrade_storage_config": null,
            "username": "appadmin",
            "vpc_security_group_ids": [
              "sg-067241da3efc5b8f6"
            ]
          },
          "sensitive_attributes": [
            [
              {
                "type": "get_attr",
                "value": "password"
              }
            ],
            [
              {
                "type": "get_attr",
                "value": "password_wo"
              }
            ]
          ],
          "identity_schema_version": 0,
          "private": "eyJlMmJmYjczMC1lY2FhLTExZTYtOGY4OC0zNDM2M2JjN2M0YzAiOnsiY3JlYXRlIjozMDAwMDAwMDAwMDAwLCJkZWxldGUiOjM2MDAwMDAwMDAwMDAsInVwZGF0ZSI6NDgwMDAwMDAwMDAwMH0sInNjaGVtYV92ZXJzaW9uIjoiMiJ9",
          "dependencies": [
            "aws_db_instance.postgres",
            "aws_db_parameter_group.pg",
            "aws_db_subnet_group.db",
            "aws_kms_key.pi",
            "aws_kms_key.rds",
            "aws_kms_key.secrets",
            "aws_secretsmanager_secret.db_master",
            "aws_secretsmanager_secret_version.db_master",
            "aws_security_group.alb_ext",
            "aws_security_group.alb_int",
            "aws_security_group.app",
            "aws_security_group.db",
            "aws_security_group.web",
            "aws_subnet.db",
            "aws_vpc.this",
            "random_password.db_master"
          ]
        }
      ]
    },
    {
      "mode": "managed",
      "type": "aws_db_parameter_group",
      "name": "pg",
      "provider": "provider[\"registry.terraform.io/hashicorp/aws\"]",
      "instances": [
        {
          "schema_version": 0,
          "attributes": {
            "arn": "arn:aws:rds:us-east-1:820648255477:pg:ma-oig-mvp-pg-params",
            "description": "Postgres parameters baseline (AU-12 audit logging)",
            "family": "postgres16",
            "id": "ma-oig-mvp-pg-params",
            "name": "ma-oig-mvp-pg-params",
            "name_prefix": "",
            "parameter": [
              {
                "apply_method": "immediate",
                "name": "log_checkpoints",
                "value": "1"
              },
              {
                "apply_method": "immediate",
                "name": "log_connections",
                "value": "1"
              },
              {
                "apply_method": "immediate",
                "name": "log_disconnections",
                "value": "1"
              },
              {
                "apply_method": "immediate",
                "name": "log_lock_waits",
                "value": "1"
              },
              {
                "apply_method": "immediate",
                "name": "log_min_duration_statement",
                "value": "500"
              },
              {
                "apply_method": "immediate",
                "name": "log_statement",
                "value": "ddl"
              },
              {
                "apply_method": "immediate",
                "name": "pgaudit.log",
                "value": "ddl,role"
              },
              {
                "apply_method": "pending-reboot",
                "name": "shared_preload_libraries",
                "value": "pgaudit"
              }
            ],
            "region": "us-east-1",
            "skip_destroy": false,
            "tags": {
              "Name": "ma-oig-mvp-db-parameter-group",
              "compliance": "nist-800-53",
              "environment": "mvp",
              "managed_by": "terraform",
              "project": "ma-oig"
            },
            "tags_all": {
              "Name": "ma-oig-mvp-db-parameter-group",
              "compliance": "nist-800-53",
              "environment": "mvp",
              "managed_by": "terraform",
              "project": "ma-oig"
            }
          },
          "sensitive_attributes": [],
          "identity_schema_version": 0,
          "private": "bnVsbA=="
        }
      ]
    },
    {
      "mode": "managed",
      "type": "aws_db_subnet_group",
      "name": "db",
      "provider": "provider[\"registry.terraform.io/hashicorp/aws\"]",
      "instances": [
        {
          "schema_version": 0,
          "attributes": {
            "arn": "arn:aws:rds:us-east-1:820648255477:subgrp:ma-oig-mvp-db-subnets",
            "description": "Managed by Terraform",
            "id": "ma-oig-mvp-db-subnets",
            "name": "ma-oig-mvp-db-subnets",
            "name_prefix": "",
            "region": "us-east-1",
            "subnet_ids": [
              "subnet-09a2f2b4d0ae60a45",
              "subnet-0bcae64ba43f58021"
            ],
            "supported_network_types": [
              "IPV4"
            ],
            "tags": {
              "Name": "ma-oig-mvp-db-subnet-group",
              "compliance": "nist-800-53",
              "environment": "mvp",
              "managed_by": "terraform",
              "project": "ma-oig",
              "tier": "db"
            },
            "tags_all": {
              "Name": "ma-oig-mvp-db-subnet-group",
              "compliance": "nist-800-53",
              "environment": "mvp",
              "managed_by": "terraform",
              "project": "ma-oig",
              "tier": "db"
            },
            "vpc_id": "vpc-0aff65b623105d167"
          },
          "sensitive_attributes": [],
          "identity_schema_version": 0,
          "private": "bnVsbA==",
          "dependencies": [
            "aws_subnet.db",
            "aws_vpc.this"
          ]
        }
      ]
    },
    {
      "mode": "managed",
      "type": "aws_kms_key",
      "name": "pi",
      "provider": "provider[\"registry.terraform.io/hashicorp/aws\"]",
      "instances": [
        {
          "schema_version": 0,
          "attributes": {
            "arn": "arn:aws:kms:us-east-1:820648255477:key/b8ac51ba-8695-4992-bb2b-2276619a97e5",
            "bypass_policy_lockout_safety_check": false,
            "custom_key_store_id": "",
            "customer_master_key_spec": "SYMMETRIC_DEFAULT",
            "deletion_window_in_days": 30,
            "description": "KMS key for RDS Performance Insights",
            "enable_key_rotation": true,
            "id": "b8ac51ba-8695-4992-bb2b-2276619a97e5",
            "is_enabled": true,
            "key_id": "b8ac51ba-8695-4992-bb2b-2276619a97e5",
            "key_usage": "ENCRYPT_DECRYPT",
            "multi_region": false,
            "policy": "{\"Id\":\"key-default-1\",\"Statement\":[{\"Action\":\"kms:*\",\"Effect\":\"Allow\",\"Principal\":{\"AWS\":\"arn:aws:iam::820648255477:root\"},\"Resource\":\"*\",\"Sid\":\"Enable IAM User Permissions\"}],\"Version\":\"2012-10-17\"}",
            "region": "us-east-1",
            "rotation_period_in_days": 365,
            "tags": {
              "Name": "ma-oig-mvp-kms-pi",
              "compliance": "nist-800-53",
              "environment": "mvp",
              "managed_by": "terraform",
              "project": "ma-oig"
            },
            "tags_all": {
              "Name": "ma-oig-mvp-kms-pi",
              "compliance": "nist-800-53",
              "environment": "mvp",
              "managed_by": "terraform",
              "project": "ma-oig"
            },
            "timeouts": null,
            "xks_key_id": ""
          },
          "sensitive_attributes": [],
          "identity_schema_version": 0,
          "identity": {
            "account_id": "820648255477",
            "id": "b8ac51ba-8695-4992-bb2b-2276619a97e5",
            "region": "us-east-1"
          },
          "private": "eyJlMmJmYjczMC1lY2FhLTExZTYtOGY4OC0zNDM2M2JjN2M0YzAiOnsiY3JlYXRlIjoxMjAwMDAwMDAwMDB9fQ=="
        }
      ]
    },
    {
      "mode": "managed",
      "type": "aws_kms_key",
      "name": "rds",
      "provider": "provider[\"registry.terraform.io/hashicorp/aws\"]",
      "instances": [
        {
          "schema_version": 0,
          "attributes": {
            "arn": "arn:aws:kms:us-east-1:820648255477:key/f478b1a5-2e6b-418c-9212-302851ac448a",
            "bypass_policy_lockout_safety_check": false,
            "custom_key_store_id": "",
            "customer_master_key_spec": "SYMMETRIC_DEFAULT",
            "deletion_window_in_days": 30,
            "description": "KMS key for RDS storage encryption",
            "enable_key_rotation": true,
            "id": "f478b1a5-2e6b-418c-9212-302851ac448a",
            "is_enabled": true,
            "key_id": "f478b1a5-2e6b-418c-9212-302851ac448a",
            "key_usage": "ENCRYPT_DECRYPT",
            "multi_region": false,
            "policy": "{\"Id\":\"key-default-1\",\"Statement\":[{\"Action\":\"kms:*\",\"Effect\":\"Allow\",\"Principal\":{\"AWS\":\"arn:aws:iam::820648255477:root\"},\"Resource\":\"*\",\"Sid\":\"Enable IAM User Permissions\"}],\"Version\":\"2012-10-17\"}",
            "region": "us-east-1",
            "rotation_period_in_days": 365,
            "tags": {
              "Name": "ma-oig-mvp-kms-rds",
              "compliance": "nist-800-53",
              "environment": "mvp",
              "managed_by": "terraform",
              "project": "ma-oig"
            },
            "tags_all": {
              "Name": "ma-oig-mvp-kms-rds",
              "compliance": "nist-800-53",
              "environment": "mvp",
              "managed_by": "terraform",
              "project": "ma-oig"
            },
            "timeouts": null,
            "xks_key_id": ""
          },
          "sensitive_attributes": [],
          "identity_schema_version": 0,
          "identity": {
            "account_id": "820648255477",
            "id": "f478b1a5-2e6b-418c-9212-302851ac448a",
            "region": "us-east-1"
          },
          "private": "eyJlMmJmYjczMC1lY2FhLTExZTYtOGY4OC0zNDM2M2JjN2M0YzAiOnsiY3JlYXRlIjoxMjAwMDAwMDAwMDB9fQ=="
        }
      ]
    },
    {
      "mode": "managed",
      "type": "aws_kms_key",
      "name": "secrets",
      "provider": "provider[\"registry.terraform.io/hashicorp/aws\"]",
      "instances": [
        {
          "schema_version": 0,
          "attributes": {
            "arn": "arn:aws:kms:us-east-1:820648255477:key/352d9608-60ea-4631-8b2d-091e48cf7f32",
            "bypass_policy_lockout_safety_check": false,
            "custom_key_store_id": "",
            "customer_master_key_spec": "SYMMETRIC_DEFAULT",
            "deletion_window_in_days": 30,
            "description": "KMS key for Secrets Manager",
            "enable_key_rotation": true,
            "id": "352d9608-60ea-4631-8b2d-091e48cf7f32",
            "is_enabled": true,
            "key_id": "352d9608-60ea-4631-8b2d-091e48cf7f32",
            "key_usage": "ENCRYPT_DECRYPT",
            "multi_region": false,
            "policy": "{\"Id\":\"key-default-1\",\"Statement\":[{\"Action\":\"kms:*\",\"Effect\":\"Allow\",\"Principal\":{\"AWS\":\"arn:aws:iam::820648255477:root\"},\"Resource\":\"*\",\"Sid\":\"Enable IAM User Permissions\"}],\"Version\":\"2012-10-17\"}",
            "region": "us-east-1",
            "rotation_period_in_days": 365,
            "tags": {
              "Name": "ma-oig-mvp-kms-secrets",
              "compliance": "nist-800-53",
              "environment": "mvp",
              "managed_by": "terraform",
              "project": "ma-oig"
            },
            "tags_all": {
              "Name": "ma-oig-mvp-kms-secrets",
              "compliance": "nist-800-53",
              "environment": "mvp",
              "managed_by": "terraform",
              "project": "ma-oig"
            },
            "timeouts": null,
            "xks_key_id": ""
          },
          "sensitive_attributes": [],
          "identity_schema_version": 0,
          "identity": {
            "account_id": "820648255477",
            "id": "352d9608-60ea-4631-8b2d-091e48cf7f32",
            "region": "us-east-1"
          },
          "private": "eyJlMmJmYjczMC1lY2FhLTExZTYtOGY4OC0zNDM2M2JjN2M0YzAiOnsiY3JlYXRlIjoxMjAwMDAwMDAwMDB9fQ=="
        }
      ]
    },
    {
      "mode": "managed",
      "type": "aws_secretsmanager_secret",
      "name": "db_master",
      "provider": "provider[\"registry.terraform.io/hashicorp/aws\"]",
      "instances": [
        {
          "schema_version": 0,
          "attributes": {
            "arn": "arn:aws:secretsmanager:us-east-1:820648255477:secret:ma-oig-mvp/rds/master-OduzoP",
            "description": "",
            "force_overwrite_replica_secret": false,
            "id": "arn:aws:secretsmanager:us-east-1:820648255477:secret:ma-oig-mvp/rds/master-OduzoP",
            "kms_key_id": "arn:aws:kms:us-east-1:820648255477:key/352d9608-60ea-4631-8b2d-091e48cf7f32",
            "name": "ma-oig-mvp/rds/master",
            "name_prefix": "",
            "policy": "",
            "recovery_window_in_days": 7,
            "region": "us-east-1",
            "replica": [],
            "tags": {
              "Name": "ma-oig-mvp-db-master-secret",
              "compliance": "nist-800-53",
              "environment": "mvp",
              "managed_by": "terraform",
              "project": "ma-oig"
            },
            "tags_all": {
              "Name": "ma-oig-mvp-db-master-secret",
              "compliance": "nist-800-53",
              "environment": "mvp",
              "managed_by": "terraform",
              "project": "ma-oig"
            }
          },
          "sensitive_attributes": [],
          "identity_schema_version": 0,
          "identity": {
            "arn": "arn:aws:secretsmanager:us-east-1:820648255477:secret:ma-oig-mvp/rds/master-OduzoP"
          },
          "private": "bnVsbA==",
          "dependencies": [
            "aws_kms_key.secrets"
          ]
        }
      ]
    },
    {
      "mode": "managed",
      "type": "aws_secretsmanager_secret_version",
      "name": "db_master",
      "provider": "provider[\"registry.terraform.io/hashicorp/aws\"]",
      "instances": [
        {
          "schema_version": 0,
          "attributes": {
            "arn": "arn:aws:secretsmanager:us-east-1:820648255477:secret:ma-oig-mvp/rds/master-OduzoP",
            "has_secret_string_wo": null,
            "id": "arn:aws:secretsmanager:us-east-1:820648255477:secret:ma-oig-mvp/rds/master-OduzoP|terraform-20260305012907072200000001",
            "region": "us-east-1",
            "secret_binary": "",
            "secret_id": "arn:aws:secretsmanager:us-east-1:820648255477:secret:ma-oig-mvp/rds/master-OduzoP",
            "secret_string": "{\"password\":\"dr\\u0026M3qB=3B{Vkgwyb-YyYSr}FeURnh%f\",\"username\":\"appadmin\"}",
            "secret_string_wo": null,
            "secret_string_wo_version": null,
            "version_id": "terraform-20260305012907072200000001",
            "version_stages": [
              "AWSCURRENT"
            ]
          },
          "sensitive_attributes": [
            [
              {
                "type": "get_attr",
                "value": "secret_binary"
              }
            ],
            [
              {
                "type": "get_attr",
                "value": "secret_string"
              }
            ],
            [
              {
                "type": "get_attr",
                "value": "secret_string_wo"
              }
            ]
          ],
          "identity_schema_version": 0,
          "identity": {
            "account_id": "820648255477",
            "region": "us-east-1",
            "secret_id": "arn:aws:secretsmanager:us-east-1:820648255477:secret:ma-oig-mvp/rds/master-OduzoP",
            "version_id": "terraform-20260305012907072200000001"
          },
          "private": "bnVsbA==",
          "dependencies": [
            "aws_kms_key.secrets",
            "aws_secretsmanager_secret.db_master",
            "random_password.db_master"
          ]
        }
      ]
    },
    {
      "mode": "managed",
      "type": "aws_security_group",
      "name": "alb_ext",
      "provider": "provider[\"registry.terraform.io/hashicorp/aws\"]",
      "instances": [
        {
          "schema_version": 1,
          "attributes": {
            "arn": "arn:aws:ec2:us-east-1:820648255477:security-group/sg-0aabb627239e5d0b3",
            "description": "External ALB SG: inbound 80/443 from Internet",
            "egress": [
              {
                "cidr_blocks": [
                  "10.20.0.0/16"
                ],
                "description": "To VPC only",
                "from_port": 0,
                "ipv6_cidr_blocks": [],
                "prefix_list_ids": [],
                "protocol": "-1",
                "security_groups": [],
                "self": false,
                "to_port": 0
              }
            ],
            "id": "sg-0aabb627239e5d0b3",
            "ingress": [
              {
                "cidr_blocks": [
                  "0.0.0.0/0"
                ],
                "description": "HTTP from Internet",
                "from_port": 80,
                "ipv6_cidr_blocks": [],
                "prefix_list_ids": [],
                "protocol": "tcp",
                "security_groups": [],
                "self": false,
                "to_port": 80
              },
              {
                "cidr_blocks": [
                  "0.0.0.0/0"
                ],
                "description": "HTTPS from Internet (use with ACM + HTTPS listener)",
                "from_port": 443,
                "ipv6_cidr_blocks": [],
                "prefix_list_ids": [],
                "protocol": "tcp",
                "security_groups": [],
                "self": false,
                "to_port": 443
              }
            ],
            "name": "ma-oig-mvp-sg-alb-ext",
            "name_prefix": "",
            "owner_id": "820648255477",
            "region": "us-east-1",
            "revoke_rules_on_delete": false,
            "tags": {
              "Name": "ma-oig-mvp-sg-alb-ext",
              "compliance": "nist-800-53",
              "environment": "mvp",
              "managed_by": "terraform",
              "project": "ma-oig",
              "tier": "public"
            },
            "tags_all": {
              "Name": "ma-oig-mvp-sg-alb-ext",
              "compliance": "nist-800-53",
              "environment": "mvp",
              "managed_by": "terraform",
              "project": "ma-oig",
              "tier": "public"
            },
            "timeouts": null,
            "vpc_id": "vpc-0aff65b623105d167"
          },
          "sensitive_attributes": [],
          "identity_schema_version": 0,
          "identity": {
            "account_id": "820648255477",
            "id": "sg-0aabb627239e5d0b3",
            "region": "us-east-1"
          },
          "private": "eyJlMmJmYjczMC1lY2FhLTExZTYtOGY4OC0zNDM2M2JjN2M0YzAiOnsiY3JlYXRlIjo2MDAwMDAwMDAwMDAsImRlbGV0ZSI6OTAwMDAwMDAwMDAwfSwic2NoZW1hX3ZlcnNpb24iOiIxIn0=",
          "dependencies": [
            "aws_vpc.this"
          ]
        }
      ]
    },
    {
      "mode": "managed",
      "type": "aws_security_group",
      "name": "alb_int",
      "provider": "provider[\"registry.terraform.io/hashicorp/aws\"]",
      "instances": [
        {
          "schema_version": 1,
          "attributes": {
            "arn": "arn:aws:ec2:us-east-1:820648255477:security-group/sg-09b0463e54d308073",
            "description": "Internal ALB SG: inbound app port from web tier",
            "egress": [
              {
                "cidr_blocks": [
                  "10.20.0.0/16"
                ],
                "description": "To VPC only",
                "from_port": 0,
                "ipv6_cidr_blocks": [],
                "prefix_list_ids": [],
                "protocol": "-1",
                "security_groups": [],
                "self": false,
                "to_port": 0
              }
            ],
            "id": "sg-09b0463e54d308073",
            "ingress": [
              {
                "cidr_blocks": [],
                "description": "App traffic from web tier",
                "from_port": 80,
                "ipv6_cidr_blocks": [],
                "prefix_list_ids": [],
                "protocol": "tcp",
                "security_groups": [
                  "sg-06e95cff20d1a818f"
                ],
                "self": false,
                "to_port": 80
              }
            ],
            "name": "ma-oig-mvp-sg-alb-int",
            "name_prefix": "",
            "owner_id": "820648255477",
            "region": "us-east-1",
            "revoke_rules_on_delete": false,
            "tags": {
              "Name": "ma-oig-mvp-sg-alb-int",
              "compliance": "nist-800-53",
              "environment": "mvp",
              "managed_by": "terraform",
              "project": "ma-oig",
              "tier": "app"
            },
            "tags_all": {
              "Name": "ma-oig-mvp-sg-alb-int",
              "compliance": "nist-800-53",
              "environment": "mvp",
              "managed_by": "terraform",
              "project": "ma-oig",
              "tier": "app"
            },
            "timeouts": null,
            "vpc_id": "vpc-0aff65b623105d167"
          },
          "sensitive_attributes": [],
          "identity_schema_version": 0,
          "identity": {
            "account_id": "820648255477",
            "id": "sg-09b0463e54d308073",
            "region": "us-east-1"
          },
          "private": "eyJlMmJmYjczMC1lY2FhLTExZTYtOGY4OC0zNDM2M2JjN2M0YzAiOnsiY3JlYXRlIjo2MDAwMDAwMDAwMDAsImRlbGV0ZSI6OTAwMDAwMDAwMDAwfSwic2NoZW1hX3ZlcnNpb24iOiIxIn0=",
          "dependencies": [
            "aws_security_group.alb_ext",
            "aws_security_group.web",
            "aws_vpc.this"
          ]
        }
      ]
    },
    {
      "mode": "managed",
      "type": "aws_security_group",
      "name": "app",
      "provider": "provider[\"registry.terraform.io/hashicorp/aws\"]",
      "instances": [
        {
          "schema_version": 1,
          "attributes": {
            "arn": "arn:aws:ec2:us-east-1:820648255477:security-group/sg-063a2617656c28924",
            "description": "App SG: allow app port only from internal ALB",
            "egress": [
              {
                "cidr_blocks": [
                  "0.0.0.0/0"
                ],
                "description": "All egress (tighten later if desired)",
                "from_port": 0,
                "ipv6_cidr_blocks": [],
                "prefix_list_ids": [],
                "protocol": "-1",
                "security_groups": [],
                "self": false,
                "to_port": 0
              }
            ],
            "id": "sg-063a2617656c28924",
            "ingress": [
              {
                "cidr_blocks": [],
                "description": "App traffic from internal ALB",
                "from_port": 80,
                "ipv6_cidr_blocks": [],
                "prefix_list_ids": [],
                "protocol": "tcp",
                "security_groups": [
                  "sg-09b0463e54d308073"
                ],
                "self": false,
                "to_port": 80
              }
            ],
            "name": "ma-oig-mvp-sg-app",
            "name_prefix": "",
            "owner_id": "820648255477",
            "region": "us-east-1",
            "revoke_rules_on_delete": false,
            "tags": {
              "Name": "ma-oig-mvp-sg-app",
              "compliance": "nist-800-53",
              "environment": "mvp",
              "managed_by": "terraform",
              "project": "ma-oig",
              "tier": "app"
            },
            "tags_all": {
              "Name": "ma-oig-mvp-sg-app",
              "compliance": "nist-800-53",
              "environment": "mvp",
              "managed_by": "terraform",
              "project": "ma-oig",
              "tier": "app"
            },
            "timeouts": null,
            "vpc_id": "vpc-0aff65b623105d167"
          },
          "sensitive_attributes": [],
          "identity_schema_version": 0,
          "identity": {
            "account_id": "820648255477",
            "id": "sg-063a2617656c28924",
            "region": "us-east-1"
          },
          "private": "eyJlMmJmYjczMC1lY2FhLTExZTYtOGY4OC0zNDM2M2JjN2M0YzAiOnsiY3JlYXRlIjo2MDAwMDAwMDAwMDAsImRlbGV0ZSI6OTAwMDAwMDAwMDAwfSwic2NoZW1hX3ZlcnNpb24iOiIxIn0=",
          "dependencies": [
            "aws_security_group.alb_ext",
            "aws_security_group.alb_int",
            "aws_security_group.web",
            "aws_vpc.this"
          ]
        }
      ]
    },
    {
      "mode": "managed",
      "type": "aws_security_group",
      "name": "db",
      "provider": "provider[\"registry.terraform.io/hashicorp/aws\"]",
      "instances": [
        {
          "schema_version": 1,
          "attributes": {
            "arn": "arn:aws:ec2:us-east-1:820648255477:security-group/sg-067241da3efc5b8f6",
            "description": "DB SG: allow Postgres only from app tier",
            "egress": [
              {
                "cidr_blocks": [
                  "10.20.0.0/16"
                ],
                "description": "All egress within VPC",
                "from_port": 0,
                "ipv6_cidr_blocks": [],
                "prefix_list_ids": [],
                "protocol": "-1",
                "security_groups": [],
                "self": false,
                "to_port": 0
              }
            ],
            "id": "sg-067241da3efc5b8f6",
            "ingress": [
              {
                "cidr_blocks": [],
                "description": "Postgres from app SG",
                "from_port": 5432,
                "ipv6_cidr_blocks": [],
                "prefix_list_ids": [],
                "protocol": "tcp",
                "security_groups": [
                  "sg-063a2617656c28924"
                ],
                "self": false,
                "to_port": 5432
              }
            ],
            "name": "ma-oig-mvp-sg-db",
            "name_prefix": "",
            "owner_id": "820648255477",
            "region": "us-east-1",
            "revoke_rules_on_delete": false,
            "tags": {
              "Name": "ma-oig-mvp-sg-db",
              "compliance": "nist-800-53",
              "environment": "mvp",
              "managed_by": "terraform",
              "project": "ma-oig",
              "tier": "db"
            },
            "tags_all": {
              "Name": "ma-oig-mvp-sg-db",
              "compliance": "nist-800-53",
              "environment": "mvp",
              "managed_by": "terraform",
              "project": "ma-oig",
              "tier": "db"
            },
            "timeouts": null,
            "vpc_id": "vpc-0aff65b623105d167"
          },
          "sensitive_attributes": [],
          "identity_schema_version": 0,
          "identity": {
            "account_id": "820648255477",
            "id": "sg-067241da3efc5b8f6",
            "region": "us-east-1"
          },
          "private": "eyJlMmJmYjczMC1lY2FhLTExZTYtOGY4OC0zNDM2M2JjN2M0YzAiOnsiY3JlYXRlIjo2MDAwMDAwMDAwMDAsImRlbGV0ZSI6OTAwMDAwMDAwMDAwfSwic2NoZW1hX3ZlcnNpb24iOiIxIn0=",
          "dependencies": [
            "aws_security_group.alb_ext",
            "aws_security_group.alb_int",
            "aws_security_group.app",
            "aws_security_group.web",
            "aws_vpc.this"
          ]
        }
      ]
    },
    {
      "mode": "managed",
      "type": "aws_security_group",
      "name": "web",
      "provider": "provider[\"registry.terraform.io/hashicorp/aws\"]",
      "instances": [
        {
          "schema_version": 1,
          "attributes": {
            "arn": "arn:aws:ec2:us-east-1:820648255477:security-group/sg-06e95cff20d1a818f",
            "description": "Web tier SG: allow app port only from external ALB",
            "egress": [
              {
                "cidr_blocks": [
                  "0.0.0.0/0"
                ],
                "description": "All egress (tighten later if desired)",
                "from_port": 0,
                "ipv6_cidr_blocks": [],
                "prefix_list_ids": [],
                "protocol": "-1",
                "security_groups": [],
                "self": false,
                "to_port": 0
              }
            ],
            "id": "sg-06e95cff20d1a818f",
            "ingress": [
              {
                "cidr_blocks": [],
                "description": "Web traffic from external ALB",
                "from_port": 80,
                "ipv6_cidr_blocks": [],
                "prefix_list_ids": [],
                "protocol": "tcp",
                "security_groups": [
                  "sg-0aabb627239e5d0b3"
                ],
                "self": false,
                "to_port": 80
              }
            ],
            "name": "ma-oig-mvp-sg-web",
            "name_prefix": "",
            "owner_id": "820648255477",
            "region": "us-east-1",
            "revoke_rules_on_delete": false,
            "tags": {
              "Name": "ma-oig-mvp-sg-web",
              "compliance": "nist-800-53",
              "environment": "mvp",
              "managed_by": "terraform",
              "project": "ma-oig",
              "tier": "public"
            },
            "tags_all": {
              "Name": "ma-oig-mvp-sg-web",
              "compliance": "nist-800-53",
              "environment": "mvp",
              "managed_by": "terraform",
              "project": "ma-oig",
              "tier": "public"
            },
            "timeouts": null,
            "vpc_id": "vpc-0aff65b623105d167"
          },
          "sensitive_attributes": [],
          "identity_schema_version": 0,
          "identity": {
            "account_id": "820648255477",
            "id": "sg-06e95cff20d1a818f",
            "region": "us-east-1"
          },
          "private": "eyJlMmJmYjczMC1lY2FhLTExZTYtOGY4OC0zNDM2M2JjN2M0YzAiOnsiY3JlYXRlIjo2MDAwMDAwMDAwMDAsImRlbGV0ZSI6OTAwMDAwMDAwMDAwfSwic2NoZW1hX3ZlcnNpb24iOiIxIn0=",
          "dependencies": [
            "aws_security_group.alb_ext",
            "aws_vpc.this"
          ]
        }
      ]
    },
    {
      "mode": "managed",
      "type": "aws_subnet",
      "name": "db",
      "provider": "provider[\"registry.terraform.io/hashicorp/aws\"]",
      "instances": [
        {
          "index_key": "us-east-1a",
          "schema_version": 1,
          "attributes": {
            "arn": "arn:aws:ec2:us-east-1:820648255477:subnet/subnet-09a2f2b4d0ae60a45",
            "assign_ipv6_address_on_creation": false,
            "availability_zone": "us-east-1a",
            "availability_zone_id": "use1-az1",
            "cidr_block": "10.20.128.0/20",
            "customer_owned_ipv4_pool": "",
            "enable_dns64": false,
            "enable_lni_at_device_index": 0,
            "enable_resource_name_dns_a_record_on_launch": false,
            "enable_resource_name_dns_aaaa_record_on_launch": false,
            "id": "subnet-09a2f2b4d0ae60a45",
            "ipv4_ipam_pool_id": null,
            "ipv4_netmask_length": null,
            "ipv6_cidr_block": "",
            "ipv6_cidr_block_association_id": "",
            "ipv6_ipam_pool_id": null,
            "ipv6_native": false,
            "ipv6_netmask_length": null,
            "map_customer_owned_ip_on_launch": false,
            "map_public_ip_on_launch": false,
            "outpost_arn": "",
            "owner_id": "820648255477",
            "private_dns_hostname_type_on_launch": "ip-name",
            "region": "us-east-1",
            "tags": {
              "Name": "ma-oig-mvp-db-us-east-1a",
              "compliance": "nist-800-53",
              "environment": "mvp",
              "managed_by": "terraform",
              "project": "ma-oig",
              "tier": "db"
            },
            "tags_all": {
              "Name": "ma-oig-mvp-db-us-east-1a",
              "compliance": "nist-800-53",
              "environment": "mvp",
              "managed_by": "terraform",
              "project": "ma-oig",
              "tier": "db"
            },
            "timeouts": null,
            "vpc_id": "vpc-0aff65b623105d167"
          },
          "sensitive_attributes": [],
          "identity_schema_version": 0,
          "identity": {
            "account_id": "820648255477",
            "id": "subnet-09a2f2b4d0ae60a45",
            "region": "us-east-1"
          },
          "private": "eyJlMmJmYjczMC1lY2FhLTExZTYtOGY4OC0zNDM2M2JjN2M0YzAiOnsiY3JlYXRlIjo2MDAwMDAwMDAwMDAsImRlbGV0ZSI6MTIwMDAwMDAwMDAwMH0sInNjaGVtYV92ZXJzaW9uIjoiMSJ9",
          "dependencies": [
            "aws_vpc.this"
          ]
        },
        {
          "index_key": "us-east-1c",
          "schema_version": 1,
          "attributes": {
            "arn": "arn:aws:ec2:us-east-1:820648255477:subnet/subnet-0bcae64ba43f58021",
            "assign_ipv6_address_on_creation": false,
            "availability_zone": "us-east-1c",
            "availability_zone_id": "use1-az4",
            "cidr_block": "10.20.144.0/20",
            "customer_owned_ipv4_pool": "",
            "enable_dns64": false,
            "enable_lni_at_device_index": 0,
            "enable_resource_name_dns_a_record_on_launch": false,
            "enable_resource_name_dns_aaaa_record_on_launch": false,
            "id": "subnet-0bcae64ba43f58021",
            "ipv4_ipam_pool_id": null,
            "ipv4_netmask_length": null,
            "ipv6_cidr_block": "",
            "ipv6_cidr_block_association_id": "",
            "ipv6_ipam_pool_id": null,
            "ipv6_native": false,
            "ipv6_netmask_length": null,
            "map_customer_owned_ip_on_launch": false,
            "map_public_ip_on_launch": false,
            "outpost_arn": "",
            "owner_id": "820648255477",
            "private_dns_hostname_type_on_launch": "ip-name",
            "region": "us-east-1",
            "tags": {
              "Name": "ma-oig-mvp-db-us-east-1c",
              "compliance": "nist-800-53",
              "environment": "mvp",
              "managed_by": "terraform",
              "project": "ma-oig",
              "tier": "db"
            },
            "tags_all": {
              "Name": "ma-oig-mvp-db-us-east-1c",
              "compliance": "nist-800-53",
              "environment": "mvp",
              "managed_by": "terraform",
              "project": "ma-oig",
              "tier": "db"
            },
            "timeouts": null,
            "vpc_id": "vpc-0aff65b623105d167"
          },
          "sensitive_attributes": [],
          "identity_schema_version": 0,
          "identity": {
            "account_id": "820648255477",
            "id": "subnet-0bcae64ba43f58021",
            "region": "us-east-1"
          },
          "private": "eyJlMmJmYjczMC1lY2FhLTExZTYtOGY4OC0zNDM2M2JjN2M0YzAiOnsiY3JlYXRlIjo2MDAwMDAwMDAwMDAsImRlbGV0ZSI6MTIwMDAwMDAwMDAwMH0sInNjaGVtYV92ZXJzaW9uIjoiMSJ9",
          "dependencies": [
            "aws_vpc.this"
          ]
        }
      ]
    },
    {
      "mode": "managed",
      "type": "aws_vpc",
      "name": "this",
      "provider": "provider[\"registry.terraform.io/hashicorp/aws\"]",
      "instances": [
        {
          "schema_version": 1,
          "attributes": {
            "arn": "arn:aws:ec2:us-east-1:820648255477:vpc/vpc-0aff65b623105d167",
            "assign_generated_ipv6_cidr_block": false,
            "cidr_block": "10.20.0.0/16",
            "default_network_acl_id": "acl-0256de8e43a0330f4",
            "default_route_table_id": "rtb-0137b267e9fa42850",
            "default_security_group_id": "sg-04b9e9055485af230",
            "dhcp_options_id": "dopt-04d6dbe00939b04c2",
            "enable_dns_hostnames": true,
            "enable_dns_support": true,
            "enable_network_address_usage_metrics": false,
            "id": "vpc-0aff65b623105d167",
            "instance_tenancy": "default",
            "ipv4_ipam_pool_id": null,
            "ipv4_netmask_length": null,
            "ipv6_association_id": "",
            "ipv6_cidr_block": "",
            "ipv6_cidr_block_network_border_group": "",
            "ipv6_ipam_pool_id": "",
            "ipv6_netmask_length": 0,
            "main_route_table_id": "rtb-0137b267e9fa42850",
            "owner_id": "820648255477",
            "region": "us-east-1",
            "tags": {
              "Name": "ma-oig-mvp-vpc",
              "compliance": "nist-800-53",
              "environment": "mvp",
              "managed_by": "terraform",
              "project": "ma-oig"
            },
            "tags_all": {
              "Name": "ma-oig-mvp-vpc",
              "compliance": "nist-800-53",
              "environment": "mvp",
              "managed_by": "terraform",
              "project": "ma-oig"
            }
          },
          "sensitive_attributes": [],
          "identity_schema_version": 0,
          "identity": {
            "account_id": "820648255477",
            "id": "vpc-0aff65b623105d167",
            "region": "us-east-1"
          },
          "private": "eyJzY2hlbWFfdmVyc2lvbiI6IjEifQ=="
        }
      ]
    },
    {
      "mode": "managed",
      "type": "random_password",
      "name": "db_master",
      "provider": "provider[\"registry.terraform.io/hashicorp/random\"]",
      "instances": [
        {
          "schema_version": 3,
          "attributes": {
            "bcrypt_hash": "$2a$10$ITZrZ3f/YiocqZ1TErKK9eeeX9Jdr/NnCl..UMCUCBE7DMsdA588K",
            "id": "none",
            "keepers": null,
            "length": 32,
            "lower": true,
            "min_lower": 0,
            "min_numeric": 0,
            "min_special": 0,
            "min_upper": 0,
            "number": true,
            "numeric": true,
            "override_special": "!#$%\u0026*()-_=+[]{}\u003c\u003e:?",
            "result": "dr\u0026M3qB=3B{Vkgwyb-YyYSr}FeURnh%f",
            "special": true,
            "upper": true
          },
          "sensitive_attributes": [
            [
              {
                "type": "get_attr",
                "value": "bcrypt_hash"
              }
            ],
            [
              {
                "type": "get_attr",
                "value": "result"
              }
            ]
          ],
          "identity_schema_version": 0
        }
      ]
    }
  ],
  "check_results": null
}
